// !$*UTF8*$!
{
	archiveVersion = 1;
	classes = {
	};
	objectVersion = 50;
	objects = {

/* Begin PBXBuildFile section */
		ACFC4176212C6A1D001AE418 /* AppDelegate.swift in Sources */ = {isa = PBXBuildFile; fileRef = ACFC4175212C6A1D001AE418 /* AppDelegate.swift */; };
		ACFC4178212C6A1D001AE418 /* MainTabBarController.swift in Sources */ = {isa = PBXBuildFile; fileRef = ACFC4177212C6A1D001AE418 /* MainTabBarController.swift */; };
		ACFC417D212C6A20001AE418 /* Assets.xcassets in Resources */ = {isa = PBXBuildFile; fileRef = ACFC417C212C6A20001AE418 /* Assets.xcassets */; };
		ACFC4180212C6A20001AE418 /* LaunchScreen.storyboard in Resources */ = {isa = PBXBuildFile; fileRef = ACFC417E212C6A20001AE418 /* LaunchScreen.storyboard */; };
		ACFC4188212C6D7C001AE418 /* GoogleBooksAuthorizationClient.swift in Sources */ = {isa = PBXBuildFile; fileRef = ACFC4187212C6D7C001AE418 /* GoogleBooksAuthorizationClient.swift */; };
		ACFC41A1212C74AD001AE418 /* LibraryCollectionViewController.swift in Sources */ = {isa = PBXBuildFile; fileRef = ACFC41A0212C74AD001AE418 /* LibraryCollectionViewController.swift */; };
		ACFC41A3212C74F3001AE418 /* SearchCollectionViewController.swift in Sources */ = {isa = PBXBuildFile; fileRef = ACFC41A2212C74F3001AE418 /* SearchCollectionViewController.swift */; };
		ACFC41A5212C789B001AE418 /* GoogleAuthViewController.swift in Sources */ = {isa = PBXBuildFile; fileRef = ACFC41A4212C789B001AE418 /* GoogleAuthViewController.swift */; };
		ACFC41A7212C87D3001AE418 /* Extensions.swift in Sources */ = {isa = PBXBuildFile; fileRef = ACFC41A6212C87D3001AE418 /* Extensions.swift */; };
		ACFC41AC212CA1C1001AE418 /* Default-568h@2x.png in Resources */ = {isa = PBXBuildFile; fileRef = ACFC41AB212CA1C0001AE418 /* Default-568h@2x.png */; };
		ACFC41AF212CA871001AE418 /* Book.xcdatamodeld in Sources */ = {isa = PBXBuildFile; fileRef = ACFC41AD212CA871001AE418 /* Book.xcdatamodeld */; };
		ACFC41B1212D70F4001AE418 /* Book+Convenience.swift in Sources */ = {isa = PBXBuildFile; fileRef = ACFC41B0212D70F4001AE418 /* Book+Convenience.swift */; };
		ACFC41B3212D713A001AE418 /* BookRepresentation.swift in Sources */ = {isa = PBXBuildFile; fileRef = ACFC41B2212D713A001AE418 /* BookRepresentation.swift */; };
		ACFC41B5212D7CB7001AE418 /* BookCell.swift in Sources */ = {isa = PBXBuildFile; fileRef = ACFC41B4212D7CB7001AE418 /* BookCell.swift */; };
		ACFC41D7212D8FFD001AE418 /* GTMSessionFetcher.framework in Frameworks */ = {isa = PBXBuildFile; fileRef = ACFC41D4212D8FFB001AE418 /* GTMSessionFetcher.framework */; };
		ACFC41D8212D8FFD001AE418 /* AppAuth.framework in Frameworks */ = {isa = PBXBuildFile; fileRef = ACFC41D5212D8FFC001AE418 /* AppAuth.framework */; };
		ACFC41D9212D8FFD001AE418 /* GTMAppAuth.framework in Frameworks */ = {isa = PBXBuildFile; fileRef = ACFC41D6212D8FFD001AE418 /* GTMAppAuth.framework */; };
		ACFC41DA212D9000001AE418 /* AppAuth.framework in Frameworks */ = {isa = PBXBuildFile; fileRef = ACFC41D5212D8FFC001AE418 /* AppAuth.framework */; };
		ACFC41DB212D9000001AE418 /* AppAuth.framework in Embed Frameworks */ = {isa = PBXBuildFile; fileRef = ACFC41D5212D8FFC001AE418 /* AppAuth.framework */; settings = {ATTRIBUTES = (CodeSignOnCopy, RemoveHeadersOnCopy, ); }; };
		ACFC41DC212D9000001AE418 /* GTMAppAuth.framework in Frameworks */ = {isa = PBXBuildFile; fileRef = ACFC41D6212D8FFD001AE418 /* GTMAppAuth.framework */; };
		ACFC41DD212D9000001AE418 /* GTMAppAuth.framework in Embed Frameworks */ = {isa = PBXBuildFile; fileRef = ACFC41D6212D8FFD001AE418 /* GTMAppAuth.framework */; settings = {ATTRIBUTES = (CodeSignOnCopy, RemoveHeadersOnCopy, ); }; };
		ACFC41DE212D9000001AE418 /* GTMSessionFetcher.framework in Frameworks */ = {isa = PBXBuildFile; fileRef = ACFC41D4212D8FFB001AE418 /* GTMSessionFetcher.framework */; };
		ACFC41DF212D9000001AE418 /* GTMSessionFetcher.framework in Embed Frameworks */ = {isa = PBXBuildFile; fileRef = ACFC41D4212D8FFB001AE418 /* GTMSessionFetcher.framework */; settings = {ATTRIBUTES = (CodeSignOnCopy, RemoveHeadersOnCopy, ); }; };
		ACFC41E1212D9C33001AE418 /* BookshelfBar.swift in Sources */ = {isa = PBXBuildFile; fileRef = ACFC41E0212D9C33001AE418 /* BookshelfBar.swift */; };
		ACFC41E5212DBCBA001AE418 /* BookshelfBarCell.swift in Sources */ = {isa = PBXBuildFile; fileRef = ACFC41E4212DBCBA001AE418 /* BookshelfBarCell.swift */; };
		ACFC41E7212DBCE7001AE418 /* BookDetailViewController.swift in Sources */ = {isa = PBXBuildFile; fileRef = ACFC41E6212DBCE7001AE418 /* BookDetailViewController.swift */; };
		ACFC41E9212DC6DD001AE418 /* BookshelfCell.swift in Sources */ = {isa = PBXBuildFile; fileRef = ACFC41E8212DC6DD001AE418 /* BookshelfCell.swift */; };
		ACFC41EB212DED3C001AE418 /* ToReadCell.swift in Sources */ = {isa = PBXBuildFile; fileRef = ACFC41EA212DED3C001AE418 /* ToReadCell.swift */; };
		ACFC41EE212DED89001AE418 /* HaveReadCell.swift in Sources */ = {isa = PBXBuildFile; fileRef = ACFC41ED212DED89001AE418 /* HaveReadCell.swift */; };
		ACFC41F0212DEDA1001AE418 /* ReadingNowCell.swift in Sources */ = {isa = PBXBuildFile; fileRef = ACFC41EF212DEDA1001AE418 /* ReadingNowCell.swift */; };
		ACFC41F2212DF696001AE418 /* BookController.swift in Sources */ = {isa = PBXBuildFile; fileRef = ACFC41F1212DF696001AE418 /* BookController.swift */; };
		ACFC41F4212E2B46001AE418 /* BookshelfRepresentation.swift in Sources */ = {isa = PBXBuildFile; fileRef = ACFC41F3212E2B46001AE418 /* BookshelfRepresentation.swift */; };
/* End PBXBuildFile section */

/* Begin PBXCopyFilesBuildPhase section */
		ACFC41D3212D8FD7001AE418 /* Embed Frameworks */ = {
			isa = PBXCopyFilesBuildPhase;
			buildActionMask = 2147483647;
			dstPath = "";
			dstSubfolderSpec = 10;
			files = (
				ACFC41DB212D9000001AE418 /* AppAuth.framework in Embed Frameworks */,
				ACFC41DF212D9000001AE418 /* GTMSessionFetcher.framework in Embed Frameworks */,
				ACFC41DD212D9000001AE418 /* GTMAppAuth.framework in Embed Frameworks */,
			);
			name = "Embed Frameworks";
			runOnlyForDeploymentPostprocessing = 0;
		};
/* End PBXCopyFilesBuildPhase section */

/* Begin PBXFileReference section */
		ACFC4172212C6A1D001AE418 /* Books.app */ = {isa = PBXFileReference; explicitFileType = wrapper.application; includeInIndex = 0; path = Books.app; sourceTree = BUILT_PRODUCTS_DIR; };
		ACFC4175212C6A1D001AE418 /* AppDelegate.swift */ = {isa = PBXFileReference; lastKnownFileType = sourcecode.swift; path = AppDelegate.swift; sourceTree = "<group>"; };
		ACFC4177212C6A1D001AE418 /* MainTabBarController.swift */ = {isa = PBXFileReference; lastKnownFileType = sourcecode.swift; path = MainTabBarController.swift; sourceTree = "<group>"; };
		ACFC417C212C6A20001AE418 /* Assets.xcassets */ = {isa = PBXFileReference; lastKnownFileType = folder.assetcatalog; path = Assets.xcassets; sourceTree = "<group>"; };
		ACFC417F212C6A20001AE418 /* Base */ = {isa = PBXFileReference; lastKnownFileType = file.storyboard; name = Base; path = Base.lproj/LaunchScreen.storyboard; sourceTree = "<group>"; };
		ACFC4181212C6A20001AE418 /* Info.plist */ = {isa = PBXFileReference; lastKnownFileType = text.plist.xml; path = Info.plist; sourceTree = "<group>"; };
		ACFC4187212C6D7C001AE418 /* GoogleBooksAuthorizationClient.swift */ = {isa = PBXFileReference; fileEncoding = 4; lastKnownFileType = sourcecode.swift; path = GoogleBooksAuthorizationClient.swift; sourceTree = "<group>"; };
		ACFC41A0212C74AD001AE418 /* LibraryCollectionViewController.swift */ = {isa = PBXFileReference; lastKnownFileType = sourcecode.swift; path = LibraryCollectionViewController.swift; sourceTree = "<group>"; };
		ACFC41A2212C74F3001AE418 /* SearchCollectionViewController.swift */ = {isa = PBXFileReference; lastKnownFileType = sourcecode.swift; path = SearchCollectionViewController.swift; sourceTree = "<group>"; };
		ACFC41A4212C789B001AE418 /* GoogleAuthViewController.swift */ = {isa = PBXFileReference; lastKnownFileType = sourcecode.swift; path = GoogleAuthViewController.swift; sourceTree = "<group>"; };
		ACFC41A6212C87D3001AE418 /* Extensions.swift */ = {isa = PBXFileReference; fileEncoding = 4; lastKnownFileType = sourcecode.swift; path = Extensions.swift; sourceTree = "<group>"; };
		ACFC41AB212CA1C0001AE418 /* Default-568h@2x.png */ = {isa = PBXFileReference; lastKnownFileType = image.png; path = "Default-568h@2x.png"; sourceTree = "<group>"; };
		ACFC41AE212CA871001AE418 /* Book.xcdatamodel */ = {isa = PBXFileReference; lastKnownFileType = wrapper.xcdatamodel; path = Book.xcdatamodel; sourceTree = "<group>"; };
		ACFC41B0212D70F4001AE418 /* Book+Convenience.swift */ = {isa = PBXFileReference; lastKnownFileType = sourcecode.swift; path = "Book+Convenience.swift"; sourceTree = "<group>"; };
		ACFC41B2212D713A001AE418 /* BookRepresentation.swift */ = {isa = PBXFileReference; lastKnownFileType = sourcecode.swift; path = BookRepresentation.swift; sourceTree = "<group>"; };
		ACFC41B4212D7CB7001AE418 /* BookCell.swift */ = {isa = PBXFileReference; lastKnownFileType = sourcecode.swift; path = BookCell.swift; sourceTree = "<group>"; };
		ACFC41D4212D8FFB001AE418 /* GTMSessionFetcher.framework */ = {isa = PBXFileReference; lastKnownFileType = wrapper.framework; path = GTMSessionFetcher.framework; sourceTree = "<group>"; };
		ACFC41D5212D8FFC001AE418 /* AppAuth.framework */ = {isa = PBXFileReference; lastKnownFileType = wrapper.framework; path = AppAuth.framework; sourceTree = "<group>"; };
		ACFC41D6212D8FFD001AE418 /* GTMAppAuth.framework */ = {isa = PBXFileReference; lastKnownFileType = wrapper.framework; path = GTMAppAuth.framework; sourceTree = "<group>"; };
		ACFC41E0212D9C33001AE418 /* BookshelfBar.swift */ = {isa = PBXFileReference; lastKnownFileType = sourcecode.swift; path = BookshelfBar.swift; sourceTree = "<group>"; };
		ACFC41E4212DBCBA001AE418 /* BookshelfBarCell.swift */ = {isa = PBXFileReference; lastKnownFileType = sourcecode.swift; path = BookshelfBarCell.swift; sourceTree = "<group>"; };
		ACFC41E6212DBCE7001AE418 /* BookDetailViewController.swift */ = {isa = PBXFileReference; lastKnownFileType = sourcecode.swift; path = BookDetailViewController.swift; sourceTree = "<group>"; };
		ACFC41E8212DC6DD001AE418 /* BookshelfCell.swift */ = {isa = PBXFileReference; lastKnownFileType = sourcecode.swift; path = BookshelfCell.swift; sourceTree = "<group>"; };
		ACFC41EA212DED3C001AE418 /* ToReadCell.swift */ = {isa = PBXFileReference; lastKnownFileType = sourcecode.swift; path = ToReadCell.swift; sourceTree = "<group>"; };
		ACFC41ED212DED89001AE418 /* HaveReadCell.swift */ = {isa = PBXFileReference; lastKnownFileType = sourcecode.swift; path = HaveReadCell.swift; sourceTree = "<group>"; };
		ACFC41EF212DEDA1001AE418 /* ReadingNowCell.swift */ = {isa = PBXFileReference; lastKnownFileType = sourcecode.swift; path = ReadingNowCell.swift; sourceTree = "<group>"; };
		ACFC41F1212DF696001AE418 /* BookController.swift */ = {isa = PBXFileReference; lastKnownFileType = sourcecode.swift; path = BookController.swift; sourceTree = "<group>"; };
		ACFC41F3212E2B46001AE418 /* BookshelfRepresentation.swift */ = {isa = PBXFileReference; lastKnownFileType = sourcecode.swift; path = BookshelfRepresentation.swift; sourceTree = "<group>"; };
/* End PBXFileReference section */

/* Begin PBXFrameworksBuildPhase section */
		ACFC416F212C6A1D001AE418 /* Frameworks */ = {
			isa = PBXFrameworksBuildPhase;
			buildActionMask = 2147483647;
			files = (
				ACFC41DA212D9000001AE418 /* AppAuth.framework in Frameworks */,
				ACFC41D8212D8FFD001AE418 /* AppAuth.framework in Frameworks */,
				ACFC41D9212D8FFD001AE418 /* GTMAppAuth.framework in Frameworks */,
				ACFC41DC212D9000001AE418 /* GTMAppAuth.framework in Frameworks */,
				ACFC41DE212D9000001AE418 /* GTMSessionFetcher.framework in Frameworks */,
				ACFC41D7212D8FFD001AE418 /* GTMSessionFetcher.framework in Frameworks */,
			);
			runOnlyForDeploymentPostprocessing = 0;
		};
/* End PBXFrameworksBuildPhase section */

/* Begin PBXGroup section */
		ACFC4169212C6A1D001AE418 = {
			isa = PBXGroup;
			children = (
				ACFC41AB212CA1C0001AE418 /* Default-568h@2x.png */,
				ACFC4174212C6A1D001AE418 /* Books */,
				ACFC4173212C6A1D001AE418 /* Products */,
				ACFC41C9212D8FC9001AE418 /* Frameworks */,
			);
			sourceTree = "<group>";
		};
		ACFC4173212C6A1D001AE418 /* Products */ = {
			isa = PBXGroup;
			children = (
				ACFC4172212C6A1D001AE418 /* Books.app */,
			);
			name = Products;
			sourceTree = "<group>";
		};
		ACFC4174212C6A1D001AE418 /* Books */ = {
			isa = PBXGroup;
			children = (
				ACFC41A9212C9BE2001AE418 /* Model Controller */,
				ACFC41A8212C9BDA001AE418 /* Model */,
				ACFC419F212C748C001AE418 /* Google Auth Client */,
				ACFC41E3212DBC9F001AE418 /* Views */,
				ACFC419E212C746A001AE418 /* View Controllers */,
				ACFC4177212C6A1D001AE418 /* MainTabBarController.swift */,
				ACFC41A6212C87D3001AE418 /* Extensions.swift */,
				ACFC4175212C6A1D001AE418 /* AppDelegate.swift */,
				ACFC417C212C6A20001AE418 /* Assets.xcassets */,
				ACFC41B6212D8F82001AE418 /* Frameworks */,
				ACFC41AA212C9BF1001AE418 /* Ressources */,
			);
			path = Books;
			sourceTree = "<group>";
		};
		ACFC419E212C746A001AE418 /* View Controllers */ = {
			isa = PBXGroup;
			children = (
				ACFC41EC212DED5A001AE418 /* LibraryContainerCells */,
				ACFC41A0212C74AD001AE418 /* LibraryCollectionViewController.swift */,
				ACFC41A2212C74F3001AE418 /* SearchCollectionViewController.swift */,
				ACFC41A4212C789B001AE418 /* GoogleAuthViewController.swift */,
				ACFC41E6212DBCE7001AE418 /* BookDetailViewController.swift */,
			);
			path = "View Controllers";
			sourceTree = "<group>";
		};
		ACFC419F212C748C001AE418 /* Google Auth Client */ = {
			isa = PBXGroup;
			children = (
				ACFC4187212C6D7C001AE418 /* GoogleBooksAuthorizationClient.swift */,
			);
			path = "Google Auth Client";
			sourceTree = "<group>";
		};
		ACFC41A8212C9BDA001AE418 /* Model */ = {
			isa = PBXGroup;
			children = (
				ACFC41AD212CA871001AE418 /* Book.xcdatamodeld */,
				ACFC41B0212D70F4001AE418 /* Book+Convenience.swift */,
				ACFC41B2212D713A001AE418 /* BookRepresentation.swift */,
				ACFC41F3212E2B46001AE418 /* BookshelfRepresentation.swift */,
			);
			path = Model;
			sourceTree = "<group>";
		};
		ACFC41A9212C9BE2001AE418 /* Model Controller */ = {
			isa = PBXGroup;
			children = (
				ACFC41F1212DF696001AE418 /* BookController.swift */,
			);
			path = "Model Controller";
			sourceTree = "<group>";
		};
		ACFC41AA212C9BF1001AE418 /* Ressources */ = {
			isa = PBXGroup;
			children = (
				ACFC4181212C6A20001AE418 /* Info.plist */,
				ACFC417E212C6A20001AE418 /* LaunchScreen.storyboard */,
			);
			path = Ressources;
			sourceTree = "<group>";
		};
		ACFC41B6212D8F82001AE418 /* Frameworks */ = {
			isa = PBXGroup;
			children = (
				ACFC41D5212D8FFC001AE418 /* AppAuth.framework */,
				ACFC41D6212D8FFD001AE418 /* GTMAppAuth.framework */,
				ACFC41D4212D8FFB001AE418 /* GTMSessionFetcher.framework */,
			);
			path = Frameworks;
			sourceTree = "<group>";
		};
		ACFC41C9212D8FC9001AE418 /* Frameworks */ = {
			isa = PBXGroup;
			children = (
			);
			name = Frameworks;
			sourceTree = "<group>";
		};
		ACFC41E3212DBC9F001AE418 /* Views */ = {
			isa = PBXGroup;
			children = (
				ACFC41B4212D7CB7001AE418 /* BookCell.swift */,
				ACFC41E0212D9C33001AE418 /* BookshelfBar.swift */,
				ACFC41E4212DBCBA001AE418 /* BookshelfBarCell.swift */,
			);
			path = Views;
			sourceTree = "<group>";
		};
		ACFC41EC212DED5A001AE418 /* LibraryContainerCells */ = {
			isa = PBXGroup;
			children = (
				ACFC41E8212DC6DD001AE418 /* BookshelfCell.swift */,
				ACFC41EA212DED3C001AE418 /* ToReadCell.swift */,
				ACFC41ED212DED89001AE418 /* HaveReadCell.swift */,
				ACFC41EF212DEDA1001AE418 /* ReadingNowCell.swift */,
			);
			path = LibraryContainerCells;
			sourceTree = "<group>";
		};
/* End PBXGroup section */

/* Begin PBXNativeTarget section */
		ACFC4171212C6A1D001AE418 /* Books */ = {
			isa = PBXNativeTarget;
			buildConfigurationList = ACFC4184212C6A20001AE418 /* Build configuration list for PBXNativeTarget "Books" */;
			buildPhases = (
				ACFC416E212C6A1D001AE418 /* Sources */,
				ACFC416F212C6A1D001AE418 /* Frameworks */,
				ACFC4170212C6A1D001AE418 /* Resources */,
				ACFC41D3212D8FD7001AE418 /* Embed Frameworks */,
			);
			buildRules = (
			);
			dependencies = (
			);
			name = Books;
			productName = Books;
			productReference = ACFC4172212C6A1D001AE418 /* Books.app */;
			productType = "com.apple.product-type.application";
		};
/* End PBXNativeTarget section */

/* Begin PBXProject section */
		ACFC416A212C6A1D001AE418 /* Project object */ = {
			isa = PBXProject;
			attributes = {
				LastSwiftUpdateCheck = 0940;
				LastUpgradeCheck = 0940;
				ORGANIZATIONNAME = "Simon Elhoej Steinmejer";
				TargetAttributes = {
					ACFC4171212C6A1D001AE418 = {
						CreatedOnToolsVersion = 9.4;
					};
				};
			};
			buildConfigurationList = ACFC416D212C6A1D001AE418 /* Build configuration list for PBXProject "Books" */;
			compatibilityVersion = "Xcode 9.3";
			developmentRegion = en;
			hasScannedForEncodings = 0;
			knownRegions = (
				en,
				Base,
			);
			mainGroup = ACFC4169212C6A1D001AE418;
			productRefGroup = ACFC4173212C6A1D001AE418 /* Products */;
			projectDirPath = "";
			projectRoot = "";
			targets = (
				ACFC4171212C6A1D001AE418 /* Books */,
			);
		};
/* End PBXProject section */

/* Begin PBXResourcesBuildPhase section */
		ACFC4170212C6A1D001AE418 /* Resources */ = {
			isa = PBXResourcesBuildPhase;
			buildActionMask = 2147483647;
			files = (
				ACFC4180212C6A20001AE418 /* LaunchScreen.storyboard in Resources */,
				ACFC417D212C6A20001AE418 /* Assets.xcassets in Resources */,
				ACFC41AC212CA1C1001AE418 /* Default-568h@2x.png in Resources */,
			);
			runOnlyForDeploymentPostprocessing = 0;
		};
/* End PBXResourcesBuildPhase section */

/* Begin PBXSourcesBuildPhase section */
		ACFC416E212C6A1D001AE418 /* Sources */ = {
			isa = PBXSourcesBuildPhase;
			buildActionMask = 2147483647;
			files = (
				ACFC41A5212C789B001AE418 /* GoogleAuthViewController.swift in Sources */,
				ACFC41B1212D70F4001AE418 /* Book+Convenience.swift in Sources */,
				ACFC41E9212DC6DD001AE418 /* BookshelfCell.swift in Sources */,
				ACFC41F4212E2B46001AE418 /* BookshelfRepresentation.swift in Sources */,
				ACFC41F0212DEDA1001AE418 /* ReadingNowCell.swift in Sources */,
				ACFC41F2212DF696001AE418 /* BookController.swift in Sources */,
				ACFC41B5212D7CB7001AE418 /* BookCell.swift in Sources */,
				ACFC41A3212C74F3001AE418 /* SearchCollectionViewController.swift in Sources */,
				ACFC41E7212DBCE7001AE418 /* BookDetailViewController.swift in Sources */,
				ACFC41E5212DBCBA001AE418 /* BookshelfBarCell.swift in Sources */,
				ACFC41B3212D713A001AE418 /* BookRepresentation.swift in Sources */,
				ACFC41A1212C74AD001AE418 /* LibraryCollectionViewController.swift in Sources */,
				ACFC41EE212DED89001AE418 /* HaveReadCell.swift in Sources */,
				ACFC4188212C6D7C001AE418 /* GoogleBooksAuthorizationClient.swift in Sources */,
				ACFC41EB212DED3C001AE418 /* ToReadCell.swift in Sources */,
				ACFC41E1212D9C33001AE418 /* BookshelfBar.swift in Sources */,
				ACFC41AF212CA871001AE418 /* Book.xcdatamodeld in Sources */,
				ACFC4178212C6A1D001AE418 /* MainTabBarController.swift in Sources */,
				ACFC4176212C6A1D001AE418 /* AppDelegate.swift in Sources */,
				ACFC41A7212C87D3001AE418 /* Extensions.swift in Sources */,
			);
			runOnlyForDeploymentPostprocessing = 0;
		};
/* End PBXSourcesBuildPhase section */

/* Begin PBXVariantGroup section */
		ACFC417E212C6A20001AE418 /* LaunchScreen.storyboard */ = {
			isa = PBXVariantGroup;
			children = (
				ACFC417F212C6A20001AE418 /* Base */,
			);
			name = LaunchScreen.storyboard;
			sourceTree = "<group>";
		};
/* End PBXVariantGroup section */

/* Begin XCBuildConfiguration section */
		ACFC4182212C6A20001AE418 /* Debug */ = {
			isa = XCBuildConfiguration;
			buildSettings = {
				ALWAYS_SEARCH_USER_PATHS = NO;
				CLANG_ANALYZER_NONNULL = YES;
				CLANG_ANALYZER_NUMBER_OBJECT_CONVERSION = YES_AGGRESSIVE;
				CLANG_CXX_LANGUAGE_STANDARD = "gnu++14";
				CLANG_CXX_LIBRARY = "libc++";
				CLANG_ENABLE_MODULES = YES;
				CLANG_ENABLE_OBJC_ARC = YES;
				CLANG_ENABLE_OBJC_WEAK = YES;
				CLANG_WARN_BLOCK_CAPTURE_AUTORELEASING = YES;
				CLANG_WARN_BOOL_CONVERSION = YES;
				CLANG_WARN_COMMA = YES;
				CLANG_WARN_CONSTANT_CONVERSION = YES;
				CLANG_WARN_DEPRECATED_OBJC_IMPLEMENTATIONS = YES;
				CLANG_WARN_DIRECT_OBJC_ISA_USAGE = YES_ERROR;
				CLANG_WARN_DOCUMENTATION_COMMENTS = YES;
				CLANG_WARN_EMPTY_BODY = YES;
				CLANG_WARN_ENUM_CONVERSION = YES;
				CLANG_WARN_INFINITE_RECURSION = YES;
				CLANG_WARN_INT_CONVERSION = YES;
				CLANG_WARN_NON_LITERAL_NULL_CONVERSION = YES;
				CLANG_WARN_OBJC_IMPLICIT_RETAIN_SELF = YES;
				CLANG_WARN_OBJC_LITERAL_CONVERSION = YES;
				CLANG_WARN_OBJC_ROOT_CLASS = YES_ERROR;
				CLANG_WARN_RANGE_LOOP_ANALYSIS = YES;
				CLANG_WARN_STRICT_PROTOTYPES = YES;
				CLANG_WARN_SUSPICIOUS_MOVE = YES;
				CLANG_WARN_UNGUARDED_AVAILABILITY = YES_AGGRESSIVE;
				CLANG_WARN_UNREACHABLE_CODE = YES;
				CLANG_WARN__DUPLICATE_METHOD_MATCH = YES;
				CODE_SIGN_IDENTITY = "iPhone Developer";
				COPY_PHASE_STRIP = NO;
				DEBUG_INFORMATION_FORMAT = dwarf;
				ENABLE_STRICT_OBJC_MSGSEND = YES;
				ENABLE_TESTABILITY = YES;
				GCC_C_LANGUAGE_STANDARD = gnu11;
				GCC_DYNAMIC_NO_PIC = NO;
				GCC_NO_COMMON_BLOCKS = YES;
				GCC_OPTIMIZATION_LEVEL = 0;
				GCC_PREPROCESSOR_DEFINITIONS = (
					"DEBUG=1",
					"$(inherited)",
				);
				GCC_WARN_64_TO_32_BIT_CONVERSION = YES;
				GCC_WARN_ABOUT_RETURN_TYPE = YES_ERROR;
				GCC_WARN_UNDECLARED_SELECTOR = YES;
				GCC_WARN_UNINITIALIZED_AUTOS = YES_AGGRESSIVE;
				GCC_WARN_UNUSED_FUNCTION = YES;
				GCC_WARN_UNUSED_VARIABLE = YES;
				IPHONEOS_DEPLOYMENT_TARGET = 11.4;
				MTL_ENABLE_DEBUG_INFO = YES;
				ONLY_ACTIVE_ARCH = YES;
				SDKROOT = iphoneos;
				SWIFT_ACTIVE_COMPILATION_CONDITIONS = DEBUG;
				SWIFT_OPTIMIZATION_LEVEL = "-Onone";
			};
			name = Debug;
		};
		ACFC4183212C6A20001AE418 /* Release */ = {
			isa = XCBuildConfiguration;
			buildSettings = {
				ALWAYS_SEARCH_USER_PATHS = NO;
				CLANG_ANALYZER_NONNULL = YES;
				CLANG_ANALYZER_NUMBER_OBJECT_CONVERSION = YES_AGGRESSIVE;
				CLANG_CXX_LANGUAGE_STANDARD = "gnu++14";
				CLANG_CXX_LIBRARY = "libc++";
				CLANG_ENABLE_MODULES = YES;
				CLANG_ENABLE_OBJC_ARC = YES;
				CLANG_ENABLE_OBJC_WEAK = YES;
				CLANG_WARN_BLOCK_CAPTURE_AUTORELEASING = YES;
				CLANG_WARN_BOOL_CONVERSION = YES;
				CLANG_WARN_COMMA = YES;
				CLANG_WARN_CONSTANT_CONVERSION = YES;
				CLANG_WARN_DEPRECATED_OBJC_IMPLEMENTATIONS = YES;
				CLANG_WARN_DIRECT_OBJC_ISA_USAGE = YES_ERROR;
				CLANG_WARN_DOCUMENTATION_COMMENTS = YES;
				CLANG_WARN_EMPTY_BODY = YES;
				CLANG_WARN_ENUM_CONVERSION = YES;
				CLANG_WARN_INFINITE_RECURSION = YES;
				CLANG_WARN_INT_CONVERSION = YES;
				CLANG_WARN_NON_LITERAL_NULL_CONVERSION = YES;
				CLANG_WARN_OBJC_IMPLICIT_RETAIN_SELF = YES;
				CLANG_WARN_OBJC_LITERAL_CONVERSION = YES;
				CLANG_WARN_OBJC_ROOT_CLASS = YES_ERROR;
				CLANG_WARN_RANGE_LOOP_ANALYSIS = YES;
				CLANG_WARN_STRICT_PROTOTYPES = YES;
				CLANG_WARN_SUSPICIOUS_MOVE = YES;
				CLANG_WARN_UNGUARDED_AVAILABILITY = YES_AGGRESSIVE;
				CLANG_WARN_UNREACHABLE_CODE = YES;
				CLANG_WARN__DUPLICATE_METHOD_MATCH = YES;
				CODE_SIGN_IDENTITY = "iPhone Developer";
				COPY_PHASE_STRIP = NO;
				DEBUG_INFORMATION_FORMAT = "dwarf-with-dsym";
				ENABLE_NS_ASSERTIONS = NO;
				ENABLE_STRICT_OBJC_MSGSEND = YES;
				GCC_C_LANGUAGE_STANDARD = gnu11;
				GCC_NO_COMMON_BLOCKS = YES;
				GCC_WARN_64_TO_32_BIT_CONVERSION = YES;
				GCC_WARN_ABOUT_RETURN_TYPE = YES_ERROR;
				GCC_WARN_UNDECLARED_SELECTOR = YES;
				GCC_WARN_UNINITIALIZED_AUTOS = YES_AGGRESSIVE;
				GCC_WARN_UNUSED_FUNCTION = YES;
				GCC_WARN_UNUSED_VARIABLE = YES;
				IPHONEOS_DEPLOYMENT_TARGET = 11.4;
				MTL_ENABLE_DEBUG_INFO = NO;
				SDKROOT = iphoneos;
				SWIFT_COMPILATION_MODE = wholemodule;
				SWIFT_OPTIMIZATION_LEVEL = "-O";
				VALIDATE_PRODUCT = YES;
			};
			name = Release;
		};
		ACFC4185212C6A20001AE418 /* Debug */ = {
			isa = XCBuildConfiguration;
			buildSettings = {
				ASSETCATALOG_COMPILER_APPICON_NAME = AppIcon;
				CODE_SIGN_STYLE = Automatic;
				DEVELOPMENT_TEAM = SPRLQ9JET8;
				FRAMEWORK_SEARCH_PATHS = (
					"$(inherited)",
					"$(PROJECT_DIR)/Books/Frameworks",
				);
				INFOPLIST_FILE = "$(SRCROOT)/Books/Ressources/Info.plist";
				LD_RUNPATH_SEARCH_PATHS = (
					"$(inherited)",
					"@executable_path/Frameworks",
				);
				PRODUCT_BUNDLE_IDENTIFIER = SimonElhoej.Books;
				PRODUCT_NAME = "$(TARGET_NAME)";
				SWIFT_VERSION = 4.0;
				TARGETED_DEVICE_FAMILY = "1,2";
			};
			name = Debug;
		};
		ACFC4186212C6A20001AE418 /* Release */ = {
			isa = XCBuildConfiguration;
			buildSettings = {
				ASSETCATALOG_COMPILER_APPICON_NAME = AppIcon;
				CODE_SIGN_STYLE = Automatic;
				DEVELOPMENT_TEAM = SPRLQ9JET8;
				FRAMEWORK_SEARCH_PATHS = (
					"$(inherited)",
					"$(PROJECT_DIR)/Books/Frameworks",
				);
				INFOPLIST_FILE = "$(SRCROOT)/Books/Ressources/Info.plist";
				LD_RUNPATH_SEARCH_PATHS = (
					"$(inherited)",
					"@executable_path/Frameworks",
				);
				PRODUCT_BUNDLE_IDENTIFIER = SimonElhoej.Books;
				PRODUCT_NAME = "$(TARGET_NAME)";
				SWIFT_VERSION = 4.0;
				TARGETED_DEVICE_FAMILY = "1,2";
			};
			name = Release;
		};
/* End XCBuildConfiguration section */

/* Begin XCConfigurationList section */
		ACFC416D212C6A1D001AE418 /* Build configuration list for PBXProject "Books" */ = {
			isa = XCConfigurationList;
			buildConfigurations = (
				ACFC4182212C6A20001AE418 /* Debug */,
				ACFC4183212C6A20001AE418 /* Release */,
			);
			defaultConfigurationIsVisible = 0;
			defaultConfigurationName = Release;
		};
		ACFC4184212C6A20001AE418 /* Build configuration list for PBXNativeTarget "Books" */ = {
			isa = XCConfigurationList;
			buildConfigurations = (
				ACFC4185212C6A20001AE418 /* Debug */,
				ACFC4186212C6A20001AE418 /* Release */,
			);
			defaultConfigurationIsVisible = 0;
			defaultConfigurationName = Release;
		};
/* End XCConfigurationList section */

/* Begin XCVersionGroup section */
		ACFC41AD212CA871001AE418 /* Book.xcdatamodeld */ = {
			isa = XCVersionGroup;
			children = (
				ACFC41AE212CA871001AE418 /* Book.xcdatamodel */,
			);
			currentVersion = ACFC41AE212CA871001AE418 /* Book.xcdatamodel */;
			path = Book.xcdatamodeld;
			sourceTree = "<group>";
			versionGroupType = wrapper.xcdatamodel;
		};
/* End XCVersionGroup section */
	};
	rootObject = ACFC416A212C6A1D001AE418 /* Project object */;
}
